{
  "name": "CapStoneTest",
  "lockfileVersion": 3,
  "requires": true,
  "packages": {
    "": {
      "dependencies": {
        "@descope/web-js-sdk": "^1.16.5"
      }
    },
    "node_modules/@descope/core-js-sdk": {
      "version": "2.25.0",
      "resolved": "https://registry.npmjs.org/@descope/core-js-sdk/-/core-js-sdk-2.25.0.tgz",
      "integrity": "sha512-jgGGWgEUq2dgyVQu6hebFm0WQTimNOr0gOXYXvKx25POQBwthLkHdhhG8MR3UM8xmnz8NAw2AxIr1DDcpAIYDQ==",
      "dependencies": {
        "jwt-decode": "4.0.0"
      }
    },
    "node_modules/@descope/web-js-sdk": {
      "version": "1.16.5",
      "resolved": "https://registry.npmjs.org/@descope/web-js-sdk/-/web-js-sdk-1.16.5.tgz",
      "integrity": "sha512-heMUtGA/IYm5f2/vB/msjUlgJ2L8+F373s0hg1yYsQuDBMJ7OhShweKx4qqFTIOStq9Hvj7H9jrg+uO/TqUrTw==",
      "dependencies": {
        "@descope/core-js-sdk": "2.25.0",
        "@fingerprintjs/fingerprintjs-pro": "3.9.9",
        "js-cookie": "3.0.5",
        "jwt-decode": "4.0.0",
        "tslib": "2.6.3"
      }
    },
    "node_modules/@fingerprintjs/fingerprintjs-pro": {
      "version": "3.9.9",
      "resolved": "https://registry.npmjs.org/@fingerprintjs/fingerprintjs-pro/-/fingerprintjs-pro-3.9.9.tgz",
      "integrity": "sha512-Fce0AKrLqzYXSQQGLGafZmX+uG9OPfy4p1/aCvhpmsm/tsenwh+szuaOTxc3ieQMBtt+EYwXm2vxyya3/Ml0ZQ==",
      "dependencies": {
        "tslib": "^2.4.1"
      }
    },
    "node_modules/js-cookie": {
      "version": "3.0.5",
      "resolved": "https://registry.npmjs.org/js-cookie/-/js-cookie-3.0.5.tgz",
      "integrity": "sha512-cEiJEAEoIbWfCZYKWhVwFuvPX1gETRYPw6LlaTKoxD3s2AkXzkCjnp6h0V77ozyqj0jakteJ4YqDJT830+lVGw==",
      "engines": {
        "node": ">=14"
      }
    },
    "node_modules/jwt-decode": {
      "version": "4.0.0",
      "resolved": "https://registry.npmjs.org/jwt-decode/-/jwt-decode-4.0.0.tgz",
      "integrity": "sha512-+KJGIyHgkGuIq3IEBNftfhW/LfWhXUIY6OmyVWjliu5KH1y0fw7VQ8YndE2O4qZdMSd9SqbnC8GOcZEy0Om7sA==",
      "engines": {
        "node": ">=18"
      }
    },
    "node_modules/tslib": {
      "version": "2.6.3",
      "resolved": "https://registry.npmjs.org/tslib/-/tslib-2.6.3.tgz",
      "integrity": "sha512-xNvxJEOUiWPGhUuUdQgAJPKOOJfGnIyKySOc09XkKsgdUV/3E2zvwZYdejjmRgPCgcym1juLH3226yA7sEFJKQ=="
    }
  }
}
